
Microsoft Visual Studio Solution File, Format Version 12.00
# Visual Studio 15
VisualStudioVersion = 15.0.27703.2035
MinimumVisualStudioVersion = 10.0.40219.1
Project("{FAE04EC0-301F-11D3-BF4B-00C04F79EFBC}") = "TrainImage", "TrainImage\TrainImage.csproj", "{C3CA1CF2-AEB4-467C-8E2D-F72590E83D55}"
EndProject
Global
	GlobalSection(SolutionConfigurationPlatforms) = preSolution
		Debug|Any CPU = Debug|Any CPU
		Release|Any CPU = Release|Any CPU
	EndGlobalSection
	GlobalSection(ProjectConfigurationPlatforms) = postSolution
		{C3CA1CF2-AEB4-467C-8E2D-F72590E83D55}.Debug|Any CPU.ActiveCfg = Debug|Any CPU
		{C3CA1CF2-AEB4-467C-8E2D-F72590E83D55}.Debug|Any CPU.Build.0 = Debug|Any CPU
		{C3CA1CF2-AEB4-467C-8E2D-F72590E83D55}.Release|Any CPU.ActiveCfg = Release|Any CPU
		{C3CA1CF2-AEB4-467C-8E2D-F72590E83D55}.Release|Any CPU.Build.0 = Release|Any CPU
	EndGlobalSection
	GlobalSection(SolutionProperties) = preSolution
		HideSolutionNode = FALSE
	EndGlobalSection
	GlobalSection(ExtensibilityGlobals) = postSolution
		SolutionGuid = {976C0931-D585-4254-B2E4-BA9164794674}
	EndGlobalSection
EndGlobal
